// !$*UTF8*$!
{
	archiveVersion = 1;
	classes = {
	};
	objectVersion = 46;
	objects = {

/* Begin PBXBuildFile section */
		AED351C81D593F39001D64F3 /* AppDelegate.swift in Sources */ = {isa = PBXBuildFile; fileRef = AED351C71D593F39001D64F3 /* AppDelegate.swift */; };
		AED351CA1D593F39001D64F3 /* ViewController.swift in Sources */ = {isa = PBXBuildFile; fileRef = AED351C91D593F39001D64F3 /* ViewController.swift */; };
		AED351CD1D593F39001D64F3 /* Main.storyboard in Resources */ = {isa = PBXBuildFile; fileRef = AED351CB1D593F39001D64F3 /* Main.storyboard */; };
		AED351CF1D593F39001D64F3 /* Assets.xcassets in Resources */ = {isa = PBXBuildFile; fileRef = AED351CE1D593F39001D64F3 /* Assets.xcassets */; };
		AED351D21D593F39001D64F3 /* LaunchScreen.storyboard in Resources */ = {isa = PBXBuildFile; fileRef = AED351D01D593F39001D64F3 /* LaunchScreen.storyboard */; };
/* End PBXBuildFile section */

/* Begin PBXFileReference section */
		AED351C41D593F39001D64F3 /* Groupees.app */ = {isa = PBXFileReference; explicitFileType = wrapper.application; includeInIndex = 0; path = Groupees.app; sourceTree = BUILT_PRODUCTS_DIR; };
		AED351C71D593F39001D64F3 /* AppDelegate.swift */ = {isa = PBXFileReference; lastKnownFileType = sourcecode.swift; path = AppDelegate.swift; sourceTree = "<group>"; };
		AED351C91D593F39001D64F3 /* ViewController.swift */ = {isa = PBXFileReference; lastKnownFileType = sourcecode.swift; path = ViewController.swift; sourceTree = "<group>"; };
		AED351CC1D593F39001D64F3 /* Base */ = {isa = PBXFileReference; lastKnownFileType = file.storyboard; name = Base; path = Base.lproj/Main.storyboard; sourceTree = "<group>"; };
		AED351CE1D593F39001D64F3 /* Assets.xcassets */ = {isa = PBXFileReference; lastKnownFileType = folder.assetcatalog; path = Assets.xcassets; sourceTree = "<group>"; };
		AED351D11D593F39001D64F3 /* Base */ = {isa = PBXFileReference; lastKnownFileType = file.storyboard; name = Base; path = Base.lproj/LaunchScreen.storyboard; sourceTree = "<group>"; };
		AED351D31D593F39001D64F3 /* Info.plist */ = {isa = PBXFileReference; lastKnownFileType = text.plist.xml; path = Info.plist; sourceTree = "<group>"; };
/* End PBXFileReference section */

/* Begin PBXFrameworksBuildPhase section */
		AED351C11D593F39001D64F3 /* Frameworks */ = {
			isa = PBXFrameworksBuildPhase;
			buildActionMask = 2147483647;
			files = (
			);
			runOnlyForDeploymentPostprocessing = 0;
		};
/* End PBXFrameworksBuildPhase section */

/* Begin PBXGroup section */
		AED351BB1D593F39001D64F3 = {
			isa = PBXGroup;
			children = (
				AED351C61D593F39001D64F3 /* Groupees */,
				AED351C51D593F39001D64F3 /* Products */,
			);
			sourceTree = "<group>";
		};
		AED351C51D593F39001D64F3 /* Products */ = {
			isa = PBXGroup;
			children = (
				AED351C41D593F39001D64F3 /* Groupees.app */,
			);
			name = Products;
			sourceTree = "<group>";
		};
		AED351C61D593F39001D64F3 /* Groupees */ = {
			isa = PBXGroup;
			children = (
				AED351C71D593F39001D64F3 /* AppDelegate.swift */,
				AED351C91D593F39001D64F3 /* ViewController.swift */,
				AED351CB1D593F39001D64F3 /* Main.storyboard */,
				AED351CE1D593F39001D64F3 /* Assets.xcassets */,
				AED351D01D593F39001D64F3 /* LaunchScreen.storyboard */,
				AED351D31D593F39001D64F3 /* Info.plist */,
			);
			path = Groupees;
			sourceTree = "<group>";
		};
/* End PBXGroup section */

/* Begin PBXNativeTarget section */
		AED351C31D593F39001D64F3 /* Groupees */ = {
			isa = PBXNativeTarget;
			buildConfigurationList = AED351D61D593F39001D64F3 /* Build configuration list for PBXNativeTarget "Groupees" */;
			buildPhases = (
				AED351C01D593F39001D64F3 /* Sources */,
				AED351C11D593F39001D64F3 /* Frameworks */,
				AED351C21D593F39001D64F3 /* Resources */,
			);
			buildRules = (
			);
			dependencies = (
			);
			name = Groupees;
			productName = Groupees;
			productReference = AED351C41D593F39001D64F3 /* Groupees.app */;
			productType = "com.apple.product-type.application";
		};
/* End PBXNativeTarget section */

/* Begin PBXProject section */
		AED351BC1D593F39001D64F3 /* Project object */ = {
			isa = PBXProject;
			attributes = {
				LastSwiftUpdateCheck = 0800;
				LastUpgradeCheck = 0800;
				ORGANIZATIONNAME = Groupees;
				TargetAttributes = {
					AED351C31D593F39001D64F3 = {
						CreatedOnToolsVersion = 8.0;
						ProvisioningStyle = Automatic;
					};
				};
			};
			buildConfigurationList = AED351BF1D593F39001D64F3 /* Build configuration list for PBXProject "Groupees" */;
			compatibilityVersion = "Xcode 3.2";
			developmentRegion = English;
			hasScannedForEncodings = 0;
			knownRegions = (
				en,
				Base,
			);
			mainGroup = AED351BB1D593F39001D64F3;
			productRefGroup = AED351C51D593F39001D64F3 /* Products */;
			projectDirPath = "";
			projectRoot = "";
			targets = (
				AED351C31D593F39001D64F3 /* Groupees */,
			);
		};
/* End PBXProject section */

/* Begin PBXResourcesBuildPhase section */
		AED351C21D593F39001D64F3 /* Resources */ = {
			isa = PBXResourcesBuildPhase;
			buildActionMask = 2147483647;
			files = (
				AED351D21D593F39001D64F3 /* LaunchScreen.storyboard in Resources */,
				AED351CF1D593F39001D64F3 /* Assets.xcassets in Resources */,
				AED351CD1D593F39001D64F3 /* Main.storyboard in Resources */,
			);
			runOnlyForDeploymentPostprocessing = 0;
		};
/* End PBXResourcesBuildPhase section */

/* Begin PBXSourcesBuildPhase section */
		AED351C01D593F39001D64F3 /* Sources */ = {
			isa = PBXSourcesBuildPhase;
			buildActionMask = 2147483647;
			files = (
				AED351CA1D593F39001D64F3 /* ViewController.swift in Sources */,
				AED351C81D593F39001D64F3 /* AppDelegate.swift in Sources */,
			);
			runOnlyForDeploymentPostprocessing = 0;
		};
/* End PBXSourcesBuildPhase section */

/* Begin PBXVariantGroup section */
		AED351CB1D593F39001D64F3 /* Main.storyboard */ = {
			isa = PBXVariantGroup;
			children = (
				AED351CC1D593F39001D64F3 /* Base */,
			);
			name = Main.storyboard;
			sourceTree = "<group>";
		};
		AED351D01D593F39001D64F3 /* LaunchScreen.storyboard */ = {
			isa = PBXVariantGroup;
			children = (
				AED351D11D593F39001D64F3 /* Base */,
			);
			name = LaunchScreen.storyboard;
			sourceTree = "<group>";
		};
/* End PBXVariantGroup section */

/* Begin XCBuildConfiguration section */
		AED351D41D593F39001D64F3 /* Debug */ = {
			isa = XCBuildConfiguration;
			buildSettings = {
				ALWAYS_SEARCH_USER_PATHS = NO;
				CLANG_ANALYZER_NONNULL = YES;
				CLANG_CXX_LANGUAGE_STANDARD = "gnu++0x";
				CLANG_CXX_LIBRARY = "libc++";
				CLANG_ENABLE_MODULES = YES;
				CLANG_ENABLE_OBJC_ARC = YES;
				CLANG_WARN_BOOL_CONVERSION = YES;
				CLANG_WARN_CONSTANT_CONVERSION = YES;
				CLANG_WARN_DIRECT_OBJC_ISA_USAGE = YES_ERROR;
				CLANG_WARN_DOCUMENTATION_COMMENTS = YES;
				CLANG_WARN_EMPTY_BODY = YES;
				CLANG_WARN_ENUM_CONVERSION = YES;
				CLANG_WARN_INT_CONVERSION = YES;
				CLANG_WARN_OBJC_ROOT_CLASS = YES_ERROR;
				CLANG_WARN_UNREACHABLE_CODE = YES;
				CLANG_WARN__DUPLICATE_METHOD_MATCH = YES;
				"CODE_SIGN_IDENTITY[sdk=iphoneos*]" = "iPhone Developer";
				COPY_PHASE_STRIP = NO;
				DEBUG_INFORMATION_FORMAT = dwarf;
				ENABLE_STRICT_OBJC_MSGSEND = YES;
				ENABLE_TESTABILITY = YES;
				GCC_C_LANGUAGE_STANDARD = gnu99;
				GCC_DYNAMIC_NO_PIC = NO;
				GCC_NO_COMMON_BLOCKS = YES;
				GCC_OPTIMIZATION_LEVEL = 0;
				GCC_PREPROCESSOR_DEFINITIONS = (
					"DEBUG=1",
					"$(inherited)",
				);
				GCC_WARN_64_TO_32_BIT_CONVERSION = YES;
				GCC_WARN_ABOUT_RETURN_TYPE = YES_ERROR;
				GCC_WARN_UNDECLARED_SELECTOR = YES;
				GCC_WARN_UNINITIALIZED_AUTOS = YES_AGGRESSIVE;
				GCC_WARN_UNUSED_FUNCTION = YES;
				GCC_WARN_UNUSED_VARIABLE = YES;
				IPHONEOS_DEPLOYMENT_TARGET = 10.0;
				MTL_ENABLE_DEBUG_INFO = YES;
				ONLY_ACTIVE_ARCH = YES;
				SDKROOT = iphoneos;
				SWIFT_ACTIVE_COMPILATION_CONDITIONS = DEBUG;
				SWIFT_OPTIMIZATION_LEVEL = "-Onone";
				TARGETED_DEVICE_FAMILY = "1,2";
			};
			name = Debug;
		};
		AED351D51D593F39001D64F3 /* Release */ = {
			isa = XCBuildConfiguration;
			buildSettings = {
				ALWAYS_SEARCH_USER_PATHS = NO;
				CLANG_ANALYZER_NONNULL = YES;
				CLANG_CXX_LANGUAGE_STANDARD = "gnu++0x";
				CLANG_CXX_LIBRARY = "libc++";
				CLANG_ENABLE_MODULES = YES;
				CLANG_ENABLE_OBJC_ARC = YES;
				CLANG_WARN_BOOL_CONVERSION = YES;
				CLANG_WARN_CONSTANT_CONVERSION = YES;
				CLANG_WARN_DIRECT_OBJC_ISA_USAGE = YES_ERROR;
				CLANG_WARN_DOCUMENTATION_COMMENTS = YES;
				CLANG_WARN_EMPTY_BODY = YES;
				CLANG_WARN_ENUM_CONVERSION = YES;
				CLANG_WARN_INT_CONVERSION = YES;
				CLANG_WARN_OBJC_ROOT_CLASS = YES_ERROR;
				CLANG_WARN_UNREACHABLE_CODE = YES;
				CLANG_WARN__DUPLICATE_METHOD_MATCH = YES;
				"CODE_SIGN_IDENTITY[sdk=iphoneos*]" = "iPhone Developer";
				COPY_PHASE_STRIP = NO;
				DEBUG_INFORMATION_FORMAT = "dwarf-with-dsym";
				ENABLE_NS_ASSERTIONS = NO;
				ENABLE_STRICT_OBJC_MSGSEND = YES;
				GCC_C_LANGUAGE_STANDARD = gnu99;
				GCC_NO_COMMON_BLOCKS = YES;
				GCC_WARN_64_TO_32_BIT_CONVERSION = YES;
				GCC_WARN_ABOUT_RETURN_TYPE = YES_ERROR;
				GCC_WARN_UNDECLARED_SELECTOR = YES;
				GCC_WARN_UNINITIALIZED_AUTOS = YES_AGGRESSIVE;
				GCC_WARN_UNUSED_FUNCTION = YES;
				GCC_WARN_UNUSED_VARIABLE = YES;
				IPHONEOS_DEPLOYMENT_TARGET = 10.0;
				MTL_ENABLE_DEBUG_INFO = NO;
				SDKROOT = iphoneos;
				SWIFT_OPTIMIZATION_LEVEL = "-Owholemodule";
				TARGETED_DEVICE_FAMILY = "1,2";
				VALIDATE_PRODUCT = YES;
			};
			name = Release;
		};
		AED351D71D593F39001D64F3 /* Debug */ = {
			isa = XCBuildConfiguration;
			buildSettings = {
				ASSETCATALOG_COMPILER_APPICON_NAME = AppIcon;
				INFOPLIST_FILE = Groupees/Info.plist;
				LD_RUNPATH_SEARCH_PATHS = "$(inherited) @executable_path/Frameworks";
				PRODUCT_BUNDLE_IDENTIFIER = com.groupees.Groupees;
				PRODUCT_NAME = "$(TARGET_NAME)";
				SWIFT_VERSION = 3.0;
			};
			name = Debug;
		};
		AED351D81D593F39001D64F3 /* Release */ = {
			isa = XCBuildConfiguration;
			buildSettings = {
				ASSETCATALOG_COMPILER_APPICON_NAME = AppIcon;
				INFOPLIST_FILE = Groupees/Info.plist;
				LD_RUNPATH_SEARCH_PATHS = "$(inherited) @executable_path/Frameworks";
				PRODUCT_BUNDLE_IDENTIFIER = com.groupees.Groupees;
				PRODUCT_NAME = "$(TARGET_NAME)";
				SWIFT_VERSION = 3.0;
			};
			name = Release;
		};
/* End XCBuildConfiguration section */

/* Begin XCConfigurationList section */
		AED351BF1D593F39001D64F3 /* Build configuration list for PBXProject "Groupees" */ = {
			isa = XCConfigurationList;
			buildConfigurations = (
				AED351D41D593F39001D64F3 /* Debug */,
				AED351D51D593F39001D64F3 /* Release */,
			);
			defaultConfigurationIsVisible = 0;
			defaultConfigurationName = Release;
		};
		AED351D61D593F39001D64F3 /* Build configuration list for PBXNativeTarget "Groupees" */ = {
			isa = XCConfigurationList;
			buildConfigurations = (
				AED351D71D593F39001D64F3 /* Debug */,
				AED351D81D593F39001D64F3 /* Release */,
			);
			defaultConfigurationIsVisible = 0;
		};
/* End XCConfigurationList section */
	};
	rootObject = AED351BC1D593F39001D64F3 /* Project object */;
}
